{
	"name": "chatofpomelo",
	"version": "0.0.1",
	"lockfileVersion": 1,
	"dependencies": {
		"axios": {
			"version": "0.18.0",
			"resolved": "https://registry.npmjs.org/axios/-/axios-0.18.0.tgz",
			"integrity": "sha1-MtU+SFHv3AoRmTts0AB4nXDAUQI=",
			"dev": true
		},
		"buffer-crc32": {
			"version": "0.2.1",
			"resolved": "https://registry.npmjs.org/buffer-crc32/-/buffer-crc32-0.2.1.tgz",
			"integrity": "sha1-vj5TgvwCttYySVasGvmKqYsIU0w="
		},
		"bytes": {
			"version": "0.2.0",
			"resolved": "https://registry.npmjs.org/bytes/-/bytes-0.2.0.tgz",
			"integrity": "sha1-qtM+wU49wsp06OfUUfm6BTrU96A="
		},
		"commander": {
			"version": "1.2.0",
			"resolved": "https://registry.npmjs.org/commander/-/commander-1.2.0.tgz",
			"integrity": "sha1-/VcTv6FTx9bMWZN4patMRcU1Ap4="
		},
		"connect": {
			"version": "2.9.0",
			"resolved": "https://registry.npmjs.org/connect/-/connect-2.9.0.tgz",
			"integrity": "sha1-7PR4tvJyPnLPmhnRx9GdCze1N0Y="
		},
		"cookie": {
			"version": "0.1.0",
			"resolved": "https://registry.npmjs.org/cookie/-/cookie-0.1.0.tgz",
			"integrity": "sha1-kOtGndzpBchm3mh+/EMTHYgB+dA="
		},
		"cookie-signature": {
			"version": "1.0.1",
			"resolved": "https://registry.npmjs.org/cookie-signature/-/cookie-signature-1.0.1.tgz",
			"integrity": "sha1-ROByFIrwHm6OJK+/EmkNaK5pjss="
		},
		"core-util-is": {
			"version": "1.0.2",
			"resolved": "https://registry.npmjs.org/core-util-is/-/core-util-is-1.0.2.tgz",
			"integrity": "sha1-tf1UIgqivFq1eqtxQMlAdUUDwac="
		},
		"debug": {
			"version": "3.1.0",
			"resolved": "https://registry.npmjs.org/debug/-/debug-3.1.0.tgz",
			"integrity": "sha512-OX8XqP7/1a9cqkxYw2yXss15f26NKWBpDXQd0/uK/KPqdQhxbPa994hnzjcE2VqQpDslf55723cKPUOGSmMY3g=="
		},
		"express": {
			"version": "3.4.0",
			"resolved": "https://registry.npmjs.org/express/-/express-3.4.0.tgz",
			"integrity": "sha1-btKJ2g1fVawwmXz4MuX8NveEBx4="
		},
		"follow-redirects": {
			"version": "1.4.1",
			"resolved": "https://registry.npmjs.org/follow-redirects/-/follow-redirects-1.4.1.tgz",
			"integrity": "sha512-uxYePVPogtya1ktGnAAXOacnbIuRMB4dkvqeNz2qTtTQsuzSfbDolV+wMMKxAmCx0bLgAKLbBOkjItMbbkR1vg==",
			"dev": true
		},
		"fresh": {
			"version": "0.2.0",
			"resolved": "https://registry.npmjs.org/fresh/-/fresh-0.2.0.tgz",
			"integrity": "sha1-v9lALPPfEsSkwxDHn5mj3eE9NKc="
		},
		"inherits": {
			"version": "2.0.3",
			"resolved": "https://registry.npmjs.org/inherits/-/inherits-2.0.3.tgz",
			"integrity": "sha1-Yzwsg+PaQqUC9SRmAiSA9CCCYd4="
		},
		"is-buffer": {
			"version": "1.1.6",
			"resolved": "https://registry.npmjs.org/is-buffer/-/is-buffer-1.1.6.tgz",
			"integrity": "sha512-NcdALwpXkTm5Zvvbk7owOUSvVvBKDgKP5/ewfXEznmQFfs4ZRmanOeKBTjRVjka3QFoN6XJ+9F3USqfHqTaU5w==",
			"dev": true
		},
		"isarray": {
			"version": "0.0.1",
			"resolved": "https://registry.npmjs.org/isarray/-/isarray-0.0.1.tgz",
			"integrity": "sha1-ihis/Kmo9Bd+Cav8YDiTmwXR7t8="
		},
		"keypress": {
			"version": "0.1.0",
			"resolved": "https://registry.npmjs.org/keypress/-/keypress-0.1.0.tgz",
			"integrity": "sha1-SjGI1CkbZrT2XtuZ+AaqmuKTWSo="
		},
		"methods": {
			"version": "0.0.1",
			"resolved": "https://registry.npmjs.org/methods/-/methods-0.0.1.tgz",
			"integrity": "sha1-J3yQ+L7zlwlkWoNxxRw7bGSOBow="
		},
		"mime": {
			"version": "1.2.11",
			"resolved": "https://registry.npmjs.org/mime/-/mime-1.2.11.tgz",
			"integrity": "sha1-WCA+7Ybjpe8XrtK32evUfwpg3RA="
		},
		"mkdirp": {
			"version": "0.3.5",
			"resolved": "https://registry.npmjs.org/mkdirp/-/mkdirp-0.3.5.tgz",
			"integrity": "sha1-3j5fiWHIjHh+4TaN+EmsRBPsqNc="
		},
		"ms": {
			"version": "2.0.0",
			"resolved": "https://registry.npmjs.org/ms/-/ms-2.0.0.tgz",
			"integrity": "sha1-VgiurfwAvmwpAd9fmGF4jeDVl8g="
		},
		"multiparty": {
			"version": "2.1.8",
			"resolved": "https://registry.npmjs.org/multiparty/-/multiparty-2.1.8.tgz",
			"integrity": "sha1-NaMYNDI1eO5l9dhwVoCXkUc5z04="
		},
		"pause": {
			"version": "0.0.1",
			"resolved": "https://registry.npmjs.org/pause/-/pause-0.0.1.tgz",
			"integrity": "sha1-HUCLP9t2kjuVQ9lvtMnf1TXZy10="
		},
		"qs": {
			"version": "0.6.5",
			"resolved": "https://registry.npmjs.org/qs/-/qs-0.6.5.tgz",
			"integrity": "sha1-KUsmjksNQlD23eGbO4s0k13/FO8="
		},
		"range-parser": {
			"version": "0.0.4",
			"resolved": "https://registry.npmjs.org/range-parser/-/range-parser-0.0.4.tgz",
			"integrity": "sha1-wEJ//vUcEKy6B4KkbJYC50T/Ygs="
		},
		"readable-stream": {
			"version": "1.0.34",
			"resolved": "https://registry.npmjs.org/readable-stream/-/readable-stream-1.0.34.tgz",
			"integrity": "sha1-Elgg40vIQtLyqq+v5MKRbuMsFXw="
		},
		"send": {
			"version": "0.1.4",
			"resolved": "https://registry.npmjs.org/send/-/send-0.1.4.tgz",
			"integrity": "sha1-vnDY0b4B3mGCGvE3gLUDRaT3Gr0="
		},
		"stream-counter": {
			"version": "0.1.0",
			"resolved": "https://registry.npmjs.org/stream-counter/-/stream-counter-0.1.0.tgz",
			"integrity": "sha1-oDXkKTYftX82Fgbhf82Ki5Z3Mns="
		},
		"string_decoder": {
			"version": "0.10.31",
			"resolved": "https://registry.npmjs.org/string_decoder/-/string_decoder-0.10.31.tgz",
			"integrity": "sha1-YuIDvEF2bGwoyfyEMB2rHFMQ+pQ="
		},
		"uid2": {
			"version": "0.0.2",
			"resolved": "https://registry.npmjs.org/uid2/-/uid2-0.0.2.tgz",
			"integrity": "sha1-EH+xVcgsETZiB5ftTIjPKwj2qrg="
		}
	}
}
